
Microsoft Visual Studio Solution File, Format Version 12.00
# Visual Studio Version 16
VisualStudioVersion = 16.0.31911.196
MinimumVisualStudioVersion = 10.0.40219.1
Project("{FAE04EC0-301F-11D3-BF4B-00C04F79EFBC}") = "ejemplo.cfdi40.pagos20", "ejemplo.cfdi40.pagos20\ejemplo.cfdi40.pagos20.csproj", "{D0F60860-DF56-4B57-A6B0-568816AB4787}"
EndProject
Global
	GlobalSection(SolutionConfigurationPlatforms) = preSolution
		Debug|Any CPU = Debug|Any CPU
		Release|Any CPU = Release|Any CPU
	EndGlobalSection
	GlobalSection(ProjectConfigurationPlatforms) = postSolution
		{D0F60860-DF56-4B57-A6B0-568816AB4787}.Debug|Any CPU.ActiveCfg = Debug|Any CPU
		{D0F60860-DF56-4B57-A6B0-568816AB4787}.Debug|Any CPU.Build.0 = Debug|Any CPU
		{D0F60860-DF56-4B57-A6B0-568816AB4787}.Release|Any CPU.ActiveCfg = Release|Any CPU
		{D0F60860-DF56-4B57-A6B0-568816AB4787}.Release|Any CPU.Build.0 = Release|Any CPU
	EndGlobalSection
	GlobalSection(SolutionProperties) = preSolution
		HideSolutionNode = FALSE
	EndGlobalSection
	GlobalSection(ExtensibilityGlobals) = postSolution
		SolutionGuid = {E3921AE6-9B21-4361-AB56-F2EE04294B24}
	EndGlobalSection
EndGlobal
